# This file was autogenerated by uv via the following command:
#    uv pip compile .\requirements.txt -o .\uv.lock
colorama==0.4.6
    # via
    #   -r ./requirements.txt
    #   tqdm
quick-algo==0.1.3
    # via -r ./requirements.txt
tqdm==4.67.1
    # via -r ./requirements.txt
uv==0.9.12
    # via -r ./requirements.txt
