# This file was autogenerated by uv via the following command:
#    uv pip compile requirements.txt -o uv.lock
-e file:///D:/Project/Python/GRAG/LightRAG
    # via -r requirements.txt
aiohttp==3.9.1
    # via
    #   -r requirements.txt
    #   langchain
    #   lightrag-hku
aiosignal==1.4.0
    # via
    #   -r requirements.txt
    #   aiohttp
altair==5.5.0
    # via
    #   -r requirements.txt
    #   streamlit
annotated-doc==0.0.4
    # via
    #   -r requirements.txt
    #   fastapi
annotated-types==0.7.0
    # via
    #   -r requirements.txt
    #   pydantic
anyio==4.12.0
    # via
    #   -r requirements.txt
    #   google-genai
    #   httpx
    #   openai
    #   starlette
    #   watchfiles
ascii-colors==0.11.4
    # via
    #   -r requirements.txt
    #   pipmaster
asttokens==3.0.1
    # via
    #   -r requirements.txt
    #   stack-data
async-timeout==5.0.1
    # via
    #   -r requirements.txt
    #   asyncpg
asyncpg==0.29.0
    # via -r requirements.txt
attrs==25.4.0
    # via
    #   -r requirements.txt
    #   aiohttp
    #   jsonschema
    #   referencing
blinker==1.9.0
    # via
    #   -r requirements.txt
    #   streamlit
cachetools==5.5.2
    # via
    #   -r requirements.txt
    #   google-auth
    #   streamlit
certifi==2025.11.12
    # via
    #   -r requirements.txt
    #   httpcore
    #   httpx
    #   requests
cffi==2.0.0
    # via
    #   -r requirements.txt
    #   cryptography
    #   pynacl
charset-normalizer==3.4.4
    # via
    #   -r requirements.txt
    #   requests
click==8.3.1
    # via
    #   -r requirements.txt
    #   streamlit
    #   uvicorn
colorama==0.4.6
    # via
    #   -r requirements.txt
    #   click
    #   ipython
    #   tqdm
comm==0.2.3
    # via
    #   -r requirements.txt
    #   ipykernel
configparser==7.2.0
    # via
    #   -r requirements.txt
    #   lightrag-hku
cryptography==46.0.3
    # via
    #   -r requirements.txt
    #   pyjwt
debugpy==1.8.17
    # via
    #   -r requirements.txt
    #   ipykernel
decorator==5.2.1
    # via
    #   -r requirements.txt
    #   ipython
deprecated==1.3.1
    # via
    #   -r requirements.txt
    #   pygithub
distro==1.9.0
    # via
    #   -r requirements.txt
    #   openai
executing==2.2.1
    # via
    #   -r requirements.txt
    #   stack-data
fastapi==0.124.0
    # via -r requirements.txt
fastjsonschema==2.21.2
    # via
    #   -r requirements.txt
    #   nbformat
frozenlist==1.8.0
    # via
    #   -r requirements.txt
    #   aiohttp
    #   aiosignal
future==1.0.0
    # via
    #   -r requirements.txt
    #   lightrag-hku
gitdb==4.0.12
    # via
    #   -r requirements.txt
    #   gitpython
gitpython==3.1.45
    # via
    #   -r requirements.txt
    #   streamlit
google-api-core==2.28.1
    # via
    #   -r requirements.txt
    #   lightrag-hku
google-auth==2.43.0
    # via
    #   -r requirements.txt
    #   google-api-core
    #   google-genai
google-genai==1.52.0
    # via
    #   -r requirements.txt
    #   lightrag-hku
googleapis-common-protos==1.72.0
    # via
    #   -r requirements.txt
    #   google-api-core
greenlet==3.0.1
    # via
    #   -r requirements.txt
    #   sqlalchemy
h11==0.16.0
    # via
    #   -r requirements.txt
    #   httpcore
    #   uvicorn
httpcore==1.0.9
    # via
    #   -r requirements.txt
    #   httpx
httptools==0.7.1
    # via -r requirements.txt
httpx==0.28.1
    # via
    #   -r requirements.txt
    #   google-genai
    #   langgraph-sdk
    #   langsmith
    #   openai
idna==3.11
    # via
    #   -r requirements.txt
    #   anyio
    #   httpx
    #   requests
    #   yarl
importlib-metadata==6.11.0
    # via
    #   -r requirements.txt
    #   streamlit
ipykernel==7.1.0
    # via -r requirements.txt
ipython==9.7.0
    # via
    #   -r requirements.txt
    #   ipykernel
ipython-pygments-lexers==1.1.1
    # via
    #   -r requirements.txt
    #   ipython
jedi==0.19.2
    # via
    #   -r requirements.txt
    #   ipython
jinja2==3.1.6
    # via
    #   -r requirements.txt
    #   altair
    #   pydeck
jiter==0.12.0
    # via
    #   -r requirements.txt
    #   openai
json-repair==0.54.2
    # via
    #   -r requirements.txt
    #   lightrag-hku
jsonpatch==1.33
    # via
    #   -r requirements.txt
    #   langchain-core
jsonpointer==3.0.0
    # via
    #   -r requirements.txt
    #   jsonpatch
jsonschema==4.25.1
    # via
    #   -r requirements.txt
    #   altair
    #   nbformat
jsonschema-specifications==2025.9.1
    # via
    #   -r requirements.txt
    #   jsonschema
jupyter-client==8.6.3
    # via
    #   -r requirements.txt
    #   ipykernel
jupyter-core==5.9.1
    # via
    #   -r requirements.txt
    #   ipykernel
    #   jupyter-client
    #   nbformat
langchain==0.2.17
    # via -r requirements.txt
langchain-core==0.2.43
    # via
    #   -r requirements.txt
    #   langchain
    #   langchain-text-splitters
    #   langgraph
    #   langgraph-checkpoint
    #   langgraph-prebuilt
langchain-text-splitters==0.2.4
    # via
    #   -r requirements.txt
    #   langchain
langgraph==0.4.0
    # via -r requirements.txt
langgraph-checkpoint==2.1.2
    # via
    #   -r requirements.txt
    #   langgraph
    #   langgraph-prebuilt
langgraph-prebuilt==0.1.8
    # via
    #   -r requirements.txt
    #   langgraph
langgraph-sdk==0.2.10
    # via
    #   -r requirements.txt
    #   langgraph
langsmith==0.1.147
    # via
    #   -r requirements.txt
    #   langchain
    #   langchain-core
markdown-it-py==4.0.0
    # via
    #   -r requirements.txt
    #   rich
markupsafe==3.0.3
    # via
    #   -r requirements.txt
    #   jinja2
matplotlib-inline==0.2.1
    # via
    #   -r requirements.txt
    #   ipykernel
    #   ipython
mdurl==0.1.2
    # via
    #   -r requirements.txt
    #   markdown-it-py
multidict==6.7.0
    # via
    #   -r requirements.txt
    #   aiohttp
    #   yarl
nano-vectordb==0.0.4.3
    # via
    #   -r requirements.txt
    #   lightrag-hku
narwhals==2.12.0
    # via
    #   -r requirements.txt
    #   altair
nbformat==5.10.4
    # via -r requirements.txt
neo4j==6.0.3
    # via -r requirements.txt
nest-asyncio==1.6.0
    # via
    #   -r requirements.txt
    #   ipykernel
networkx==3.6
    # via
    #   -r requirements.txt
    #   lightrag-hku
numpy==1.26.4
    # via
    #   -r requirements.txt
    #   langchain
    #   lightrag-hku
    #   nano-vectordb
    #   pandas
    #   pydeck
    #   streamlit
openai==2.8.1
    # via -r requirements.txt
orjson==3.11.4
    # via
    #   -r requirements.txt
    #   langgraph-sdk
    #   langsmith
ormsgpack==1.12.0
    # via
    #   -r requirements.txt
    #   langgraph-checkpoint
packaging==23.2
    # via
    #   -r requirements.txt
    #   altair
    #   ipykernel
    #   langchain-core
    #   pipmaster
    #   streamlit
pandas==2.3.3
    # via
    #   -r requirements.txt
    #   lightrag-hku
    #   streamlit
parso==0.8.5
    # via
    #   -r requirements.txt
    #   jedi
pillow==10.4.0
    # via
    #   -r requirements.txt
    #   streamlit
pipmaster==1.0.10
    # via
    #   -r requirements.txt
    #   lightrag-hku
platformdirs==4.5.0
    # via
    #   -r requirements.txt
    #   jupyter-core
prompt-toolkit==3.0.52
    # via
    #   -r requirements.txt
    #   ipython
propcache==0.4.1
    # via
    #   -r requirements.txt
    #   yarl
proto-plus==1.26.1
    # via
    #   -r requirements.txt
    #   google-api-core
protobuf==4.25.8
    # via
    #   -r requirements.txt
    #   google-api-core
    #   googleapis-common-protos
    #   proto-plus
    #   streamlit
psutil==7.1.3
    # via
    #   -r requirements.txt
    #   ipykernel
psycopg2-binary==2.9.9
    # via -r requirements.txt
pure-eval==0.2.3
    # via
    #   -r requirements.txt
    #   stack-data
pyarrow==22.0.0
    # via
    #   -r requirements.txt
    #   streamlit
pyasn1==0.6.1
    # via
    #   -r requirements.txt
    #   pyasn1-modules
    #   rsa
pyasn1-modules==0.4.2
    # via
    #   -r requirements.txt
    #   google-auth
pycparser==2.23
    # via
    #   -r requirements.txt
    #   cffi
pydantic==2.12.5
    # via
    #   -r requirements.txt
    #   fastapi
    #   google-genai
    #   langchain
    #   langchain-core
    #   langsmith
    #   lightrag-hku
    #   openai
pydantic-core==2.41.5
    # via
    #   -r requirements.txt
    #   pydantic
pydeck==0.9.1
    # via
    #   -r requirements.txt
    #   streamlit
pygithub==2.1.1
    # via -r requirements.txt
pygments==2.19.2
    # via
    #   -r requirements.txt
    #   ipython
    #   ipython-pygments-lexers
    #   rich
pyjwt==2.10.1
    # via
    #   -r requirements.txt
    #   pygithub
pynacl==1.6.1
    # via
    #   -r requirements.txt
    #   pygithub
pypinyin==0.55.0
    # via
    #   -r requirements.txt
    #   lightrag-hku
python-dateutil==2.9.0.post0
    # via
    #   -r requirements.txt
    #   jupyter-client
    #   pandas
    #   pygithub
    #   streamlit
python-dotenv==1.0.0
    # via
    #   -r requirements.txt
    #   lightrag-hku
python-json-logger==2.0.7
    # via -r requirements.txt
python-multipart==0.0.6
    # via -r requirements.txt
pytz==2025.2
    # via
    #   -r requirements.txt
    #   neo4j
    #   pandas
pyyaml==6.0.1
    # via
    #   -r requirements.txt
    #   langchain
    #   langchain-core
pyzmq==27.1.0
    # via
    #   -r requirements.txt
    #   ipykernel
    #   jupyter-client
referencing==0.37.0
    # via
    #   -r requirements.txt
    #   jsonschema
    #   jsonschema-specifications
regex==2025.11.3
    # via
    #   -r requirements.txt
    #   tiktoken
requests==2.31.0
    # via
    #   -r requirements.txt
    #   google-api-core
    #   google-genai
    #   langchain
    #   langsmith
    #   pygithub
    #   requests-toolbelt
    #   streamlit
    #   tiktoken
requests-toolbelt==1.0.0
    # via
    #   -r requirements.txt
    #   langsmith
rich==13.9.4
    # via
    #   -r requirements.txt
    #   streamlit
rpds-py==0.29.0
    # via
    #   -r requirements.txt
    #   jsonschema
    #   referencing
rsa==4.9.1
    # via
    #   -r requirements.txt
    #   google-auth
setuptools==80.9.0
    # via
    #   -r requirements.txt
    #   lightrag-hku
six==1.17.0
    # via
    #   -r requirements.txt
    #   python-dateutil
smmap==5.0.2
    # via
    #   -r requirements.txt
    #   gitdb
sniffio==1.3.1
    # via
    #   -r requirements.txt
    #   openai
sqlalchemy==2.0.23
    # via
    #   -r requirements.txt
    #   langchain
stack-data==0.6.3
    # via
    #   -r requirements.txt
    #   ipython
starlette==0.50.0
    # via
    #   -r requirements.txt
    #   fastapi
streamlit==1.28.0
    # via -r requirements.txt
tenacity==8.5.0
    # via
    #   -r requirements.txt
    #   google-genai
    #   langchain
    #   langchain-core
    #   lightrag-hku
    #   streamlit
tiktoken==0.12.0
    # via
    #   -r requirements.txt
    #   lightrag-hku
toml==0.10.2
    # via
    #   -r requirements.txt
    #   streamlit
tornado==6.5.2
    # via
    #   -r requirements.txt
    #   ipykernel
    #   jupyter-client
    #   streamlit
tqdm==4.67.1
    # via
    #   -r requirements.txt
    #   openai
traitlets==5.14.3
    # via
    #   -r requirements.txt
    #   ipykernel
    #   ipython
    #   jupyter-client
    #   jupyter-core
    #   matplotlib-inline
    #   nbformat
typing-extensions==4.15.0
    # via
    #   -r requirements.txt
    #   aiosignal
    #   altair
    #   anyio
    #   fastapi
    #   google-genai
    #   ipython
    #   langchain-core
    #   openai
    #   pydantic
    #   pydantic-core
    #   pygithub
    #   referencing
    #   sqlalchemy
    #   starlette
    #   streamlit
    #   typing-inspection
typing-inspection==0.4.2
    # via
    #   -r requirements.txt
    #   pydantic
tzdata==2025.2
    # via
    #   -r requirements.txt
    #   pandas
    #   tzlocal
tzlocal==5.3.1
    # via
    #   -r requirements.txt
    #   streamlit
urllib3==2.5.0
    # via
    #   -r requirements.txt
    #   pygithub
    #   requests
uvicorn==0.24.0
    # via -r requirements.txt
validators==0.35.0
    # via
    #   -r requirements.txt
    #   streamlit
watchdog==6.0.0
    # via
    #   -r requirements.txt
    #   streamlit
watchfiles==1.1.1
    # via -r requirements.txt
wcwidth==0.2.14
    # via
    #   -r requirements.txt
    #   ascii-colors
    #   prompt-toolkit
websockets==15.0.1
    # via
    #   -r requirements.txt
    #   google-genai
wrapt==2.0.1
    # via
    #   -r requirements.txt
    #   deprecated
xlsxwriter==3.2.9
    # via
    #   -r requirements.txt
    #   lightrag-hku
xxhash==3.6.0
    # via
    #   -r requirements.txt
    #   langgraph
yarl==1.22.0
    # via
    #   -r requirements.txt
    #   aiohttp
zipp==3.23.0
    # via
    #   -r requirements.txt
    #   importlib-metadata
