# This file was autogenerated by uv via the following command:
#    uv pip compile requirements.txt -o uv.lock
aiohttp==3.9.1
    # via
    #   -r requirements.txt
    #   langchain
aiosignal==1.4.0
    # via aiohttp
altair==5.5.0
    # via streamlit
annotated-types==0.7.0
    # via pydantic
anyio==3.7.1
    # via
    #   fastapi
    #   httpx
    #   openai
    #   starlette
    #   watchfiles
async-timeout==5.0.1
    # via asyncpg
asyncpg==0.29.0
    # via -r requirements.txt
attrs==25.4.0
    # via
    #   aiohttp
    #   jsonschema
    #   referencing
    #   service-identity
    #   twisted
automat==25.4.16
    # via twisted
blinker==1.9.0
    # via streamlit
cachetools==5.5.2
    # via streamlit
certifi==2025.11.12
    # via
    #   httpcore
    #   httpx
    #   requests
cffi==2.0.0
    # via
    #   cryptography
    #   pynacl
charset-normalizer==3.4.4
    # via requests
click==8.3.1
    # via
    #   streamlit
    #   uvicorn
colorama==0.4.6
    # via
    #   click
    #   tqdm
    #   uvicorn
constantly==23.10.4
    # via twisted
cryptography==46.0.3
    # via
    #   pyjwt
    #   pyopenssl
    #   scrapy
    #   service-identity
cssselect==1.3.0
    # via
    #   parsel
    #   scrapy
deprecated==1.3.1
    # via pygithub
distro==1.9.0
    # via openai
fastapi==0.104.1
    # via -r requirements.txt
filelock==3.20.0
    # via tldextract
frozenlist==1.8.0
    # via
    #   aiohttp
    #   aiosignal
gitdb==4.0.12
    # via gitpython
gitpython==3.1.45
    # via streamlit
greenlet==3.0.1
    # via
    #   playwright
    #   sqlalchemy
h11==0.16.0
    # via
    #   httpcore
    #   uvicorn
httpcore==1.0.9
    # via httpx
httptools==0.7.1
    # via uvicorn
httpx==0.28.1
    # via
    #   langgraph-sdk
    #   langsmith
    #   openai
hyperlink==21.0.0
    # via twisted
idna==3.11
    # via
    #   anyio
    #   httpx
    #   hyperlink
    #   requests
    #   tldextract
    #   yarl
importlib-metadata==6.11.0
    # via streamlit
incremental==24.7.2
    # via twisted
itemadapter==0.12.2
    # via
    #   itemloaders
    #   scrapy
itemloaders==1.3.2
    # via scrapy
jinja2==3.1.6
    # via
    #   altair
    #   pydeck
jmespath==1.0.1
    # via
    #   itemloaders
    #   parsel
jsonpatch==1.33
    # via langchain-core
jsonpointer==3.0.0
    # via jsonpatch
jsonschema==4.25.1
    # via altair
jsonschema-specifications==2025.9.1
    # via jsonschema
langchain==0.2.17
    # via -r requirements.txt
langchain-core==0.2.43
    # via
    #   langchain
    #   langchain-text-splitters
    #   langgraph
    #   langgraph-checkpoint
    #   langgraph-prebuilt
langchain-text-splitters==0.2.4
    # via langchain
langgraph==0.4.0
    # via -r requirements.txt
langgraph-checkpoint==2.1.2
    # via
    #   langgraph
    #   langgraph-prebuilt
langgraph-prebuilt==0.1.8
    # via langgraph
langgraph-sdk==0.2.10
    # via langgraph
langsmith==0.1.147
    # via
    #   langchain
    #   langchain-core
lxml==6.0.2
    # via
    #   parsel
    #   scrapy
markdown-it-py==4.0.0
    # via rich
markupsafe==3.0.3
    # via jinja2
mdurl==0.1.2
    # via markdown-it-py
multidict==6.7.0
    # via
    #   aiohttp
    #   yarl
narwhals==2.12.0
    # via altair
numpy==1.26.4
    # via
    #   langchain
    #   pandas
    #   pydeck
    #   streamlit
openai==1.3.0
    # via -r requirements.txt
orjson==3.11.4
    # via
    #   langgraph-sdk
    #   langsmith
ormsgpack==1.12.0
    # via langgraph-checkpoint
packaging==23.2
    # via
    #   altair
    #   langchain-core
    #   parsel
    #   scrapy
    #   streamlit
pandas==2.3.3
    # via streamlit
parsel==1.10.0
    # via
    #   itemloaders
    #   scrapy
pillow==10.4.0
    # via streamlit
playwright==1.40.0
    # via -r requirements.txt
propcache==0.4.1
    # via yarl
protego==0.5.0
    # via scrapy
protobuf==4.25.8
    # via streamlit
psycopg2-binary==2.9.9
    # via -r requirements.txt
pyarrow==22.0.0
    # via streamlit
pyasn1==0.6.1
    # via
    #   pyasn1-modules
    #   service-identity
pyasn1-modules==0.4.2
    # via service-identity
pycparser==2.23
    # via cffi
pydantic==2.5.0
    # via
    #   -r requirements.txt
    #   fastapi
    #   langchain
    #   langchain-core
    #   langsmith
    #   openai
pydantic-core==2.14.1
    # via pydantic
pydeck==0.9.1
    # via streamlit
pydispatcher==2.0.7
    # via scrapy
pyee==11.0.1
    # via playwright
pygithub==2.1.1
    # via -r requirements.txt
pygments==2.19.2
    # via rich
pyjwt==2.10.1
    # via
    #   -r requirements.txt
    #   pygithub
pynacl==1.6.1
    # via pygithub
pyopenssl==25.3.0
    # via scrapy
python-dateutil==2.9.0.post0
    # via
    #   pandas
    #   pygithub
    #   streamlit
python-dotenv==1.0.0
    # via
    #   -r requirements.txt
    #   uvicorn
python-json-logger==2.0.7
    # via -r requirements.txt
python-multipart==0.0.6
    # via -r requirements.txt
pytz==2025.2
    # via pandas
pyyaml==6.0.1
    # via
    #   -r requirements.txt
    #   langchain
    #   langchain-core
    #   uvicorn
queuelib==1.8.0
    # via scrapy
referencing==0.37.0
    # via
    #   jsonschema
    #   jsonschema-specifications
requests==2.31.0
    # via
    #   -r requirements.txt
    #   langchain
    #   langsmith
    #   pygithub
    #   requests-file
    #   requests-toolbelt
    #   streamlit
    #   tldextract
requests-file==3.0.1
    # via tldextract
requests-toolbelt==1.0.0
    # via langsmith
rich==13.9.4
    # via streamlit
rpds-py==0.29.0
    # via
    #   jsonschema
    #   referencing
scrapy==2.11.0
    # via -r requirements.txt
service-identity==24.2.0
    # via scrapy
setuptools==80.9.0
    # via
    #   incremental
    #   scrapy
six==1.17.0
    # via python-dateutil
smmap==5.0.2
    # via gitdb
sniffio==1.3.1
    # via anyio
sqlalchemy==2.0.23
    # via
    #   -r requirements.txt
    #   langchain
starlette==0.27.0
    # via fastapi
streamlit==1.28.0
    # via -r requirements.txt
tenacity==8.5.0
    # via
    #   langchain
    #   langchain-core
    #   streamlit
tldextract==5.3.0
    # via scrapy
toml==0.10.2
    # via streamlit
tornado==6.5.2
    # via streamlit
tqdm==4.67.1
    # via
    #   -r requirements.txt
    #   openai
twisted==22.10.0
    # via scrapy
twisted-iocpsupport==1.0.4
    # via twisted
typing-extensions==4.15.0
    # via
    #   aiosignal
    #   altair
    #   fastapi
    #   langchain-core
    #   openai
    #   pydantic
    #   pydantic-core
    #   pyee
    #   pygithub
    #   pyopenssl
    #   referencing
    #   sqlalchemy
    #   streamlit
    #   twisted
tzdata==2025.2
    # via
    #   pandas
    #   tzlocal
tzlocal==5.3.1
    # via streamlit
urllib3==2.5.0
    # via
    #   pygithub
    #   requests
uvicorn==0.24.0
    # via -r requirements.txt
validators==0.35.0
    # via streamlit
w3lib==2.3.1
    # via
    #   parsel
    #   scrapy
watchdog==6.0.0
    # via streamlit
watchfiles==1.1.1
    # via uvicorn
websockets==15.0.1
    # via uvicorn
wrapt==2.0.1
    # via deprecated
xxhash==3.6.0
    # via langgraph
yarl==1.22.0
    # via aiohttp
zipp==3.23.0
    # via importlib-metadata
zope-interface==8.1.1
    # via
    #   scrapy
    #   twisted
